github.com/aws/aws-sdk-go-v2 v1.22.0 h1:CpTS3XO3MWNel8ohoazkLZC6scvkYL2k+m0yzFJ17Hg=
github.com/aws/aws-sdk-go-v2 v1.22.0/go.mod h1:Kd0OJtkW3Q0M0lUWGszapWjEvrXDzRW+D21JNsroB+c=
github.com/aws/aws-sdk-go-v2/config v1.20.0 h1:q2+/mqFhY0J9m3Tb5RGFE3R4sdaUkIe4k2EuDfE3c08=
github.com/aws/aws-sdk-go-v2/config v1.20.0/go.mod h1:7+1riCZXyT+sAGvneR5j+Zl1GyfbBUNQurpQTE6FP6k=
github.com/aws/aws-sdk-go-v2/credentials v1.14.0 h1:LQquqPE7cL55RQmA/UBoBKehDlEtMnQKm3B0Q672ePE=
github.com/aws/aws-sdk-go-v2/credentials v1.14.0/go.mod h1:q/3oaTPlamrQWHPwJe56Mjq9g1TYDgddvgTgWJtHTmE=
github.com/aws/aws-sdk-go-v2/feature/ec2/imds v1.14.0 h1:lF/cVllNAPKgjDwN2RsQUX9g/f6hXer9f10ubLFSoug=
github.com/aws/aws-sdk-go-v2/feature/ec2/imds v1.14.0/go.mod h1:c28nJNzMVVb9TQpZ5q4tzZvwEJwf/7So7Ie2s90l1Fw=
github.com/aws/aws-sdk-go-v2/internal/configsources v1.2.0 h1:tN6dNNE4SzMuyMnVtQJXGVKX177/d5Zy4MuA1HA4KUc=
github.com/aws/aws-sdk-go-v2/internal/configsources v1.2.0/go.mod h1:F6MXWETIeetAHwFHyoHEqrcB3NpijFv9nLP5h9CXtT0=
github.com/aws/aws-sdk-go-v2/internal/endpoints/v2 v2.5.0 h1:bfdsbTARDjaC/dSYGMO+E0psxFU4hTvCLnqYAfZ3D38=
github.com/aws/aws-sdk-go-v2/internal/endpoints/v2 v2.5.0/go.mod h1:Jg8XVv5M2V2wiAMvBFx+O59jg6Yr8vhP0bgNF/IuquM=
github.com/aws/aws-sdk-go-v2/internal/ini v1.7.1 h1:uR9lXYjdPX0xY+NhvaJ4dD8rpSRz5VY81ccIIoNG+lw=
github.com/aws/aws-sdk-go-v2/internal/ini v1.7.1/go.mod h1:6fQQgfuGmw8Al/3M2IgIllycxV7ZW7WCdVSqfBeUiCY=
github.com/aws/aws-sdk-go-v2/service/internal/presigned-url v1.10.0 h1:dJnwy5Awv+uvfk73aRENVbv1cSQQ60ydCkPaun097KM=
github.com/aws/aws-sdk-go-v2/service/internal/presigned-url v1.10.0/go.mod h1:RsPWWy7u/hwmFX57sQ7MLvrvJeYyNkiMm5BaavpoU18=
github.com/aws/aws-sdk-go-v2/service/sqs v1.25.0 h1:kVYxvKcfN1YZdgJwZTrem8+Frw/pn9she5UreNJgHak=
github.com/aws/aws-sdk-go-v2/service/sqs v1.25.0/go.mod h1:cpglYF+H3Uc3y1q9ORHtInPdNXWUrqPqPboS5ybo2pk=
github.com/aws/aws-sdk-go-v2/service/sso v1.16.0 h1:ZIlR6Wr/EgYwBdEz1NWBqdUsTh0mV7A68pId3YZl6H0=
github.com/aws/aws-sdk-go-v2/service/sso v1.16.0/go.mod h1:O7B5cpuhhJKefAKkM7onb0McmpHyKnsH4RrHJhOyq7M=
github.com/aws/aws-sdk-go-v2/service/ssooidc v1.18.0 h1:3BZyJei4k1SHdSAFhg9Qg15NnG3v5zosZyFWPm7df/A=
github.com/aws/aws-sdk-go-v2/service/ssooidc v1.18.0/go.mod h1:Td8EvzggonY02wLaqSpwybI3GbmA0PWoprKGil2uwJg=
github.com/aws/aws-sdk-go-v2/service/sts v1.24.0 h1:f/V5Y9OaHuNRrA9MntNQNAtMFXqhKj8HTEPnH81eXMI=
github.com/aws/aws-sdk-go-v2/service/sts v1.24.0/go.mod h1:HnCUMNz2XqwnEEk5X6oeDYB2HgOLFpJ/LyfilN8WErs=
github.com/aws/smithy-go v1.17.0 h1:wWJD7LX6PBV6etBUwO0zElG0nWN9rUhp0WdYeHSHAaI=
github.com/aws/smithy-go v1.17.0/go.mod h1:NukqUGpCZIILqqiV0NIjeFh24kd/FAa4beRb6nbIUPE=
github.com/google/go-cmp v0.5.8 h1:e6P7q2lk1O+qJJb4BtCQXlK8vWEO8V1ZeuEdJNOqZyg=
github.com/google/go-cmp v0.5.8/go.mod h1:17dUlkBOakJ0+DkrSSNjCkIjxS6bF9zb3elmeNGIjoY=
github.com/jmespath/go-jmespath v0.4.0/go.mod h1:T8mJZnbsbmF+m6zOOFylbeCJqk5+pHWvzYPziyZiYoo=
github.com/klauspost/compress v1.17.2 h1:RlWWUY/Dr4fL8qk9YG7DTZ7PDgME2V4csBXA8L/ixi4=
github.com/klauspost/compress v1.17.2/go.mod h1:ntbaceVETuRiXiv4DpjP66DpAtAGkEQskQzEyD//IeE=
github.com/nats-io/nats.go v1.34.1 h1:syWey5xaNHZgicYBemv0nohUPPmaLteiBEUT6Q5+F/4=
github.com/nats-io/nats.go v1.34.1/go.mod h1:Ubdu4Nh9exXdSz0RVWRFBbRfrbSxOYd26oF0wkWclB8=
github.com/nats-io/nkeys v0.4.7 h1:RwNJbbIdYCoClSDNY7QVKZlyb/wfT6ugvFCiKy6vDvI=
github.com/nats-io/nkeys v0.4.7/go.mod h1:kqXRgRDPlGy7nGaEDMuYzmiJCIAAWDK0IMBtDmGD0nc=
github.com/nats-io/nuid v1.0.1 h1:5iA8DT8V7q8WK2EScv2padNa/rTESc1KdnPw4TC2paw=
github.com/nats-io/nuid v1.0.1/go.mod h1:19wcPz3Ph3q0Jbyiqsd0kePYG7A95tJPxeL+1OSON2c=
golang.org/x/crypto v0.18.0 h1:PGVlW0xEltQnzFZ55hkuX5+KLyrMYhHld1YHO4AKcdc=
golang.org/x/crypto v0.18.0/go.mod h1:R0j02AL6hcrfOiy9T4ZYp/rcWeMxM3L6QYxlOuEG1mg=
golang.org/x/net v0.10.0/go.mod h1:0qNGK6F8kojg2nk9dLZ2mShWaEBan6FAoqfSigmmuDg=
golang.org/x/sys v0.16.0 h1:xWw16ngr6ZMtmxDyKyIgsE93KNKz5HKmMa3b8ALHidU=
golang.org/x/sys v0.16.0/go.mod h1:/VUhepiaJMQUp4+oa/7Zr1D23ma6VTLIYjOOTFZPUcA=
golang.org/x/term v0.16.0/go.mod h1:yn7UURbUtPyrVJPGPq404EukNFxcm/foM+bV/bfcDsY=
golang.org/x/text v0.14.0/go.mod h1:18ZOQIKpY8NJVqYksKHtTdi31H5itFRjB5/qKTNYzSU=
